
Microsoft Visual Studio Solution File, Format Version 12.00
# Visual Studio Version 17
VisualStudioVersion = 17.0.31903.59
MinimumVisualStudioVersion = 10.0.40219.1
Project("{FAE04EC0-301F-11D3-BF4B-00C04F79EFBC}") = "EjemploConsola", "EjemploConsola\EjemploConsola.csproj", "{8143A895-26F4-4E24-A992-B1D5D7353AFA}"
EndProject
Project("{F184B08F-C81C-45F6-A57F-5ABD9991F28F}") = "SaludoCli.Core", "SaludoCli.Core\SaludoCli.Core.vbproj", "{AEBA6917-8012-481C-8637-62AFE5EE744F}"
EndProject
Global
	GlobalSection(SolutionConfigurationPlatforms) = preSolution
		Debug|Any CPU = Debug|Any CPU
		Debug|x64 = Debug|x64
		Debug|x86 = Debug|x86
		Release|Any CPU = Release|Any CPU
		Release|x64 = Release|x64
		Release|x86 = Release|x86
	EndGlobalSection
	GlobalSection(ProjectConfigurationPlatforms) = postSolution
		{8143A895-26F4-4E24-A992-B1D5D7353AFA}.Debug|Any CPU.ActiveCfg = Debug|Any CPU
		{8143A895-26F4-4E24-A992-B1D5D7353AFA}.Debug|Any CPU.Build.0 = Debug|Any CPU
		{8143A895-26F4-4E24-A992-B1D5D7353AFA}.Debug|x64.ActiveCfg = Debug|Any CPU
		{8143A895-26F4-4E24-A992-B1D5D7353AFA}.Debug|x64.Build.0 = Debug|Any CPU
		{8143A895-26F4-4E24-A992-B1D5D7353AFA}.Debug|x86.ActiveCfg = Debug|Any CPU
		{8143A895-26F4-4E24-A992-B1D5D7353AFA}.Debug|x86.Build.0 = Debug|Any CPU
		{8143A895-26F4-4E24-A992-B1D5D7353AFA}.Release|Any CPU.ActiveCfg = Release|Any CPU
		{8143A895-26F4-4E24-A992-B1D5D7353AFA}.Release|Any CPU.Build.0 = Release|Any CPU
		{8143A895-26F4-4E24-A992-B1D5D7353AFA}.Release|x64.ActiveCfg = Release|Any CPU
		{8143A895-26F4-4E24-A992-B1D5D7353AFA}.Release|x64.Build.0 = Release|Any CPU
		{8143A895-26F4-4E24-A992-B1D5D7353AFA}.Release|x86.ActiveCfg = Release|Any CPU
		{8143A895-26F4-4E24-A992-B1D5D7353AFA}.Release|x86.Build.0 = Release|Any CPU
		{AEBA6917-8012-481C-8637-62AFE5EE744F}.Debug|Any CPU.ActiveCfg = Debug|Any CPU
		{AEBA6917-8012-481C-8637-62AFE5EE744F}.Debug|Any CPU.Build.0 = Debug|Any CPU
		{AEBA6917-8012-481C-8637-62AFE5EE744F}.Debug|x64.ActiveCfg = Debug|Any CPU
		{AEBA6917-8012-481C-8637-62AFE5EE744F}.Debug|x64.Build.0 = Debug|Any CPU
		{AEBA6917-8012-481C-8637-62AFE5EE744F}.Debug|x86.ActiveCfg = Debug|Any CPU
		{AEBA6917-8012-481C-8637-62AFE5EE744F}.Debug|x86.Build.0 = Debug|Any CPU
		{AEBA6917-8012-481C-8637-62AFE5EE744F}.Release|Any CPU.ActiveCfg = Release|Any CPU
		{AEBA6917-8012-481C-8637-62AFE5EE744F}.Release|Any CPU.Build.0 = Release|Any CPU
		{AEBA6917-8012-481C-8637-62AFE5EE744F}.Release|x64.ActiveCfg = Release|Any CPU
		{AEBA6917-8012-481C-8637-62AFE5EE744F}.Release|x64.Build.0 = Release|Any CPU
		{AEBA6917-8012-481C-8637-62AFE5EE744F}.Release|x86.ActiveCfg = Release|Any CPU
		{AEBA6917-8012-481C-8637-62AFE5EE744F}.Release|x86.Build.0 = Release|Any CPU
	EndGlobalSection
	GlobalSection(SolutionProperties) = preSolution
		HideSolutionNode = FALSE
	EndGlobalSection
EndGlobal
